
Microsoft Visual Studio Solution File, Format Version 12.00
# Visual Studio Version 17
VisualStudioVersion = 17.5.33516.290
MinimumVisualStudioVersion = 10.0.40219.1
Project("{FAE04EC0-301F-11D3-BF4B-00C04F79EFBC}") = "OO_Demo_2023_kallerattya", "OO_Demo_2023_kallerattya\OO_Demo_2023_kallerattya.csproj", "{CE46BF5E-E6E7-46A1-A8DB-D9B75D5B41F2}"
EndProject
Global
	GlobalSection(SolutionConfigurationPlatforms) = preSolution
		Debug|Any CPU = Debug|Any CPU
		Release|Any CPU = Release|Any CPU
	EndGlobalSection
	GlobalSection(ProjectConfigurationPlatforms) = postSolution
		{CE46BF5E-E6E7-46A1-A8DB-D9B75D5B41F2}.Debug|Any CPU.ActiveCfg = Debug|Any CPU
		{CE46BF5E-E6E7-46A1-A8DB-D9B75D5B41F2}.Debug|Any CPU.Build.0 = Debug|Any CPU
		{CE46BF5E-E6E7-46A1-A8DB-D9B75D5B41F2}.Release|Any CPU.ActiveCfg = Release|Any CPU
		{CE46BF5E-E6E7-46A1-A8DB-D9B75D5B41F2}.Release|Any CPU.Build.0 = Release|Any CPU
	EndGlobalSection
	GlobalSection(SolutionProperties) = preSolution
		HideSolutionNode = FALSE
	EndGlobalSection
	GlobalSection(ExtensibilityGlobals) = postSolution
		SolutionGuid = {76AFC671-B88A-441A-9833-21A7643037B1}
	EndGlobalSection
EndGlobal
